
Microsoft Visual Studio Solution File, Format Version 12.00
# Visual Studio Version 17
VisualStudioVersion = 17.6.33829.357
MinimumVisualStudioVersion = 10.0.40219.1
Project("{FAE04EC0-301F-11D3-BF4B-00C04F79EFBC}") = "06.09.2023 dz grafic", "06.09.2023 dz grafic\06.09.2023 dz grafic.csproj", "{57C4E5E5-8A23-44F6-AAC8-57AE7873928B}"
EndProject
Global
	GlobalSection(SolutionConfigurationPlatforms) = preSolution
		Debug|Any CPU = Debug|Any CPU
		Release|Any CPU = Release|Any CPU
	EndGlobalSection
	GlobalSection(ProjectConfigurationPlatforms) = postSolution
		{57C4E5E5-8A23-44F6-AAC8-57AE7873928B}.Debug|Any CPU.ActiveCfg = Debug|Any CPU
		{57C4E5E5-8A23-44F6-AAC8-57AE7873928B}.Debug|Any CPU.Build.0 = Debug|Any CPU
		{57C4E5E5-8A23-44F6-AAC8-57AE7873928B}.Release|Any CPU.ActiveCfg = Release|Any CPU
		{57C4E5E5-8A23-44F6-AAC8-57AE7873928B}.Release|Any CPU.Build.0 = Release|Any CPU
	EndGlobalSection
	GlobalSection(SolutionProperties) = preSolution
		HideSolutionNode = FALSE
	EndGlobalSection
	GlobalSection(ExtensibilityGlobals) = postSolution
		SolutionGuid = {FAAE05FB-30D2-462F-8D29-AD457BFB0732}
	EndGlobalSection
EndGlobal
